
Microsoft Visual Studio Solution File, Format Version 12.00
Project("{2150E333-8FDC-42A3-9474-1A3956D46DE8}") = "src", "src", "{EAB70151-1779-4905-9602-FCD744D5C988}"
	ProjectSection(SolutionItems) = preProject
		..\source-code\docker-compose.yml = ..\source-code\docker-compose.yml
	EndProjectSection
EndProject
Project("{2150E333-8FDC-42A3-9474-1A3956D46DE8}") = "test", "test", "{03F807E5-762E-4BBF-BD36-658506A4377F}"
EndProject
Project("{FAE04EC0-301F-11D3-BF4B-00C04F79EFBC}") = "Domain", "Domain\Domain.csproj", "{5EF3B16E-2A53-470F-8547-6B5AF84F58EF}"
EndProject
Project("{FAE04EC0-301F-11D3-BF4B-00C04F79EFBC}") = "Application", "Application\Application.csproj", "{A94B7E21-404C-498F-864B-63DF075A41B6}"
EndProject
Project("{FAE04EC0-301F-11D3-BF4B-00C04F79EFBC}") = "Infrastructure", "Infrastructure\Infrastructure.csproj", "{D79DB69C-0502-4FB3-BCDF-95C206EDC4DD}"
EndProject
Project("{FAE04EC0-301F-11D3-BF4B-00C04F79EFBC}") = "Persistence", "Persistence\Persistence.csproj", "{4079B6BA-506F-48F9-93CC-EE99F0098CE1}"
EndProject
Project("{FAE04EC0-301F-11D3-BF4B-00C04F79EFBC}") = "Presentation", "Presentation\Presentation.csproj", "{7F399E96-70C2-4F5C-BD0A-10DBD874C421}"
EndProject
Project("{FAE04EC0-301F-11D3-BF4B-00C04F79EFBC}") = "Architecture.Tests", "Architecture.Tests\Architecture.Tests.csproj", "{976F3E1F-56A8-498F-8EC9-0E8774CF9F10}"
EndProject
Project("{2150E333-8FDC-42A3-9474-1A3956D46DE8}") = "Solution Items", "Solution Items", "{0332A599-F40E-42C8-82A3-C3AB7C4EEFC2}"
	ProjectSection(SolutionItems) = preProject
		docker-compose.yml = docker-compose.yml
	EndProjectSection
EndProject
Global
	GlobalSection(SolutionConfigurationPlatforms) = preSolution
		Debug|Any CPU = Debug|Any CPU
		Release|Any CPU = Release|Any CPU
	EndGlobalSection
	GlobalSection(ProjectConfigurationPlatforms) = postSolution
		{5EF3B16E-2A53-470F-8547-6B5AF84F58EF}.Debug|Any CPU.ActiveCfg = Debug|Any CPU
		{5EF3B16E-2A53-470F-8547-6B5AF84F58EF}.Debug|Any CPU.Build.0 = Debug|Any CPU
		{5EF3B16E-2A53-470F-8547-6B5AF84F58EF}.Release|Any CPU.ActiveCfg = Release|Any CPU
		{5EF3B16E-2A53-470F-8547-6B5AF84F58EF}.Release|Any CPU.Build.0 = Release|Any CPU
		{A94B7E21-404C-498F-864B-63DF075A41B6}.Debug|Any CPU.ActiveCfg = Debug|Any CPU
		{A94B7E21-404C-498F-864B-63DF075A41B6}.Debug|Any CPU.Build.0 = Debug|Any CPU
		{A94B7E21-404C-498F-864B-63DF075A41B6}.Release|Any CPU.ActiveCfg = Release|Any CPU
		{A94B7E21-404C-498F-864B-63DF075A41B6}.Release|Any CPU.Build.0 = Release|Any CPU
		{D79DB69C-0502-4FB3-BCDF-95C206EDC4DD}.Debug|Any CPU.ActiveCfg = Debug|Any CPU
		{D79DB69C-0502-4FB3-BCDF-95C206EDC4DD}.Debug|Any CPU.Build.0 = Debug|Any CPU
		{D79DB69C-0502-4FB3-BCDF-95C206EDC4DD}.Release|Any CPU.ActiveCfg = Release|Any CPU
		{D79DB69C-0502-4FB3-BCDF-95C206EDC4DD}.Release|Any CPU.Build.0 = Release|Any CPU
		{4079B6BA-506F-48F9-93CC-EE99F0098CE1}.Debug|Any CPU.ActiveCfg = Debug|Any CPU
		{4079B6BA-506F-48F9-93CC-EE99F0098CE1}.Debug|Any CPU.Build.0 = Debug|Any CPU
		{4079B6BA-506F-48F9-93CC-EE99F0098CE1}.Release|Any CPU.ActiveCfg = Release|Any CPU
		{4079B6BA-506F-48F9-93CC-EE99F0098CE1}.Release|Any CPU.Build.0 = Release|Any CPU
		{7F399E96-70C2-4F5C-BD0A-10DBD874C421}.Debug|Any CPU.ActiveCfg = Debug|Any CPU
		{7F399E96-70C2-4F5C-BD0A-10DBD874C421}.Debug|Any CPU.Build.0 = Debug|Any CPU
		{7F399E96-70C2-4F5C-BD0A-10DBD874C421}.Release|Any CPU.ActiveCfg = Release|Any CPU
		{7F399E96-70C2-4F5C-BD0A-10DBD874C421}.Release|Any CPU.Build.0 = Release|Any CPU
		{976F3E1F-56A8-498F-8EC9-0E8774CF9F10}.Debug|Any CPU.ActiveCfg = Debug|Any CPU
		{976F3E1F-56A8-498F-8EC9-0E8774CF9F10}.Debug|Any CPU.Build.0 = Debug|Any CPU
		{976F3E1F-56A8-498F-8EC9-0E8774CF9F10}.Release|Any CPU.ActiveCfg = Release|Any CPU
		{976F3E1F-56A8-498F-8EC9-0E8774CF9F10}.Release|Any CPU.Build.0 = Release|Any CPU
	EndGlobalSection
	GlobalSection(NestedProjects) = preSolution
		{5EF3B16E-2A53-470F-8547-6B5AF84F58EF} = {EAB70151-1779-4905-9602-FCD744D5C988}
		{A94B7E21-404C-498F-864B-63DF075A41B6} = {EAB70151-1779-4905-9602-FCD744D5C988}
		{D79DB69C-0502-4FB3-BCDF-95C206EDC4DD} = {EAB70151-1779-4905-9602-FCD744D5C988}
		{4079B6BA-506F-48F9-93CC-EE99F0098CE1} = {EAB70151-1779-4905-9602-FCD744D5C988}
		{7F399E96-70C2-4F5C-BD0A-10DBD874C421} = {EAB70151-1779-4905-9602-FCD744D5C988}
		{976F3E1F-56A8-498F-8EC9-0E8774CF9F10} = {03F807E5-762E-4BBF-BD36-658506A4377F}
	EndGlobalSection
EndGlobal
